
Microsoft Visual Studio Solution File, Format Version 12.00
# Visual Studio Version 17
VisualStudioVersion = 17.0.31903.59
MinimumVisualStudioVersion = 10.0.40219.1
Project("{9A19103F-16F7-4668-BE54-9A1E7A4F7556}") = "Qtyi.Lang.CoreLib", "src\libraries\Qtyi.Lang.CoreLib\Qtyi.Lang.CoreLib.csproj", "{D94B5C9E-9694-4044-B9D6-8F42867B7EDC}"
EndProject
Project("{9A19103F-16F7-4668-BE54-9A1E7A4F7556}") = "Qtyi.Lang.CoreLib.UnitTests", "src\tests\Qtyi.Lang.CoreLib.UnitTests\Qtyi.Lang.CoreLib.UnitTests.csproj", "{B37B85CA-EC0D-48F6-9B61-1743D5E2DEC4}"
EndProject
Project("{2150E333-8FDC-42A3-9474-1A3956D46DE8}") = "Analyzers", "Analyzers", "{6E406794-5F8E-4188-81FA-4877BFFC573A}"
EndProject
Project("{9A19103F-16F7-4668-BE54-9A1E7A4F7556}") = "Qtyi.Lang.CodeStyle", "src\analyzers\Qtyi.Lang.CodeStyle\Qtyi.Lang.CodeStyle.csproj", "{3F64B9E4-919C-457F-BDCE-3695CA84D979}"
EndProject
Project("{9A19103F-16F7-4668-BE54-9A1E7A4F7556}") = "Qtyi.Lua", "src\libraries\Qtyi.Lua\Qtyi.Lua.csproj", "{F87CBFAF-A025-4C7F-AD71-04EF43CD119F}"
EndProject
Project("{9A19103F-16F7-4668-BE54-9A1E7A4F7556}") = "Qtyi.Lang.CodeStyle.UnitTests", "src\analyzers\tests\Qtyi.Lang.CodeStyle.UnitTests\Qtyi.Lang.CodeStyle.UnitTests.csproj", "{2BC575C8-FEEE-4710-90E5-D47B22548F3A}"
EndProject
Project("{9A19103F-16F7-4668-BE54-9A1E7A4F7556}") = "Qtyi.Analyzers.TestUtilities", "src\analyzers\tests\utilities\Qtyi.Analyzers.TestUtilities\Qtyi.Analyzers.TestUtilities.csproj", "{71D1CBAD-1F20-4C10-BC7A-C4C0BD7F17EE}"
EndProject
Global
	GlobalSection(SolutionConfigurationPlatforms) = preSolution
		Debug|Any CPU = Debug|Any CPU
		Release|Any CPU = Release|Any CPU
	EndGlobalSection
	GlobalSection(ProjectConfigurationPlatforms) = postSolution
		{D94B5C9E-9694-4044-B9D6-8F42867B7EDC}.Debug|Any CPU.ActiveCfg = Debug|Any CPU
		{D94B5C9E-9694-4044-B9D6-8F42867B7EDC}.Debug|Any CPU.Build.0 = Debug|Any CPU
		{D94B5C9E-9694-4044-B9D6-8F42867B7EDC}.Release|Any CPU.ActiveCfg = Release|Any CPU
		{D94B5C9E-9694-4044-B9D6-8F42867B7EDC}.Release|Any CPU.Build.0 = Release|Any CPU
		{B37B85CA-EC0D-48F6-9B61-1743D5E2DEC4}.Debug|Any CPU.ActiveCfg = Debug|Any CPU
		{B37B85CA-EC0D-48F6-9B61-1743D5E2DEC4}.Debug|Any CPU.Build.0 = Debug|Any CPU
		{B37B85CA-EC0D-48F6-9B61-1743D5E2DEC4}.Release|Any CPU.ActiveCfg = Release|Any CPU
		{B37B85CA-EC0D-48F6-9B61-1743D5E2DEC4}.Release|Any CPU.Build.0 = Release|Any CPU
		{3F64B9E4-919C-457F-BDCE-3695CA84D979}.Debug|Any CPU.ActiveCfg = Debug|Any CPU
		{3F64B9E4-919C-457F-BDCE-3695CA84D979}.Debug|Any CPU.Build.0 = Debug|Any CPU
		{3F64B9E4-919C-457F-BDCE-3695CA84D979}.Release|Any CPU.ActiveCfg = Release|Any CPU
		{3F64B9E4-919C-457F-BDCE-3695CA84D979}.Release|Any CPU.Build.0 = Release|Any CPU
		{F87CBFAF-A025-4C7F-AD71-04EF43CD119F}.Debug|Any CPU.ActiveCfg = Debug|Any CPU
		{F87CBFAF-A025-4C7F-AD71-04EF43CD119F}.Debug|Any CPU.Build.0 = Debug|Any CPU
		{F87CBFAF-A025-4C7F-AD71-04EF43CD119F}.Release|Any CPU.ActiveCfg = Release|Any CPU
		{F87CBFAF-A025-4C7F-AD71-04EF43CD119F}.Release|Any CPU.Build.0 = Release|Any CPU
		{2BC575C8-FEEE-4710-90E5-D47B22548F3A}.Debug|Any CPU.ActiveCfg = Debug|Any CPU
		{2BC575C8-FEEE-4710-90E5-D47B22548F3A}.Debug|Any CPU.Build.0 = Debug|Any CPU
		{2BC575C8-FEEE-4710-90E5-D47B22548F3A}.Release|Any CPU.ActiveCfg = Release|Any CPU
		{2BC575C8-FEEE-4710-90E5-D47B22548F3A}.Release|Any CPU.Build.0 = Release|Any CPU
		{71D1CBAD-1F20-4C10-BC7A-C4C0BD7F17EE}.Debug|Any CPU.ActiveCfg = Debug|Any CPU
		{71D1CBAD-1F20-4C10-BC7A-C4C0BD7F17EE}.Debug|Any CPU.Build.0 = Debug|Any CPU
		{71D1CBAD-1F20-4C10-BC7A-C4C0BD7F17EE}.Release|Any CPU.ActiveCfg = Release|Any CPU
		{71D1CBAD-1F20-4C10-BC7A-C4C0BD7F17EE}.Release|Any CPU.Build.0 = Release|Any CPU
	EndGlobalSection
	GlobalSection(SolutionProperties) = preSolution
		HideSolutionNode = FALSE
	EndGlobalSection
	GlobalSection(NestedProjects) = preSolution
		{3F64B9E4-919C-457F-BDCE-3695CA84D979} = {6E406794-5F8E-4188-81FA-4877BFFC573A}
		{2BC575C8-FEEE-4710-90E5-D47B22548F3A} = {6E406794-5F8E-4188-81FA-4877BFFC573A}
		{71D1CBAD-1F20-4C10-BC7A-C4C0BD7F17EE} = {6E406794-5F8E-4188-81FA-4877BFFC573A}
	EndGlobalSection
	GlobalSection(ExtensibilityGlobals) = postSolution
		SolutionGuid = {D7F6A672-6B94-4EA7-A0F9-405A4489D46E}
	EndGlobalSection
EndGlobal
